Microsoft Visual Studio Solution File, Format Version 11.00
# Visual Studio 2008

Project("{E8D3B668-3412-7EC6-0673-74FC521F3398}") = "ShoppingList", "Assembly-CSharp.csproj", "{FEE34C03-43C6-A445-3F9C-D72F38D20B79}"
EndProject
Global
	GlobalSection(SolutionConfigurationPlatforms) = preSolution
		Debug|Any CPU = Debug|Any CPU
		Release|Any CPU = Release|Any CPU
	EndGlobalSection
	GlobalSection(ProjectConfigurationPlatforms) = postSolution
		{FEE34C03-43C6-A445-3F9C-D72F38D20B79}.Debug|Any CPU.ActiveCfg = Debug|Any CPU
		{FEE34C03-43C6-A445-3F9C-D72F38D20B79}.Debug|Any CPU.Build.0 = Debug|Any CPU
		{FEE34C03-43C6-A445-3F9C-D72F38D20B79}.Release|Any CPU.ActiveCfg = Release|Any CPU
		{FEE34C03-43C6-A445-3F9C-D72F38D20B79}.Release|Any CPU.Build.0 = Release|Any CPU
	EndGlobalSection
	GlobalSection(SolutionProperties) = preSolution
		HideSolutionNode = FALSE
	EndGlobalSection
	GlobalSection(MonoDevelopProperties) = preSolution
		StartupItem = Assembly-CSharp.csproj
	EndGlobalSection
EndGlobal
